
Microsoft Visual Studio Solution File, Format Version 12.00
# Visual Studio Version 17
VisualStudioVersion = 17.2.32630.192
MinimumVisualStudioVersion = 10.0.40219.1
Project("{FAE04EC0-301F-11D3-BF4B-00C04F79EFBC}") = "BalanceApp.App", "BalanceApp.App\BalanceApp.App.csproj", "{53D50DC7-D365-4C31-B772-D32DB508641D}"
EndProject
Project("{9A19103F-16F7-4668-BE54-9A1E7A4F7556}") = "BalanceApp.Test", "BalanceApp.Test\BalanceApp.Test.csproj", "{D9CA7F7A-5000-418A-BA51-9794F28D8090}"
EndProject
Global
	GlobalSection(SolutionConfigurationPlatforms) = preSolution
		Debug|Any CPU = Debug|Any CPU
		Release|Any CPU = Release|Any CPU
	EndGlobalSection
	GlobalSection(ProjectConfigurationPlatforms) = postSolution
		{53D50DC7-D365-4C31-B772-D32DB508641D}.Debug|Any CPU.ActiveCfg = Debug|Any CPU
		{53D50DC7-D365-4C31-B772-D32DB508641D}.Debug|Any CPU.Build.0 = Debug|Any CPU
		{53D50DC7-D365-4C31-B772-D32DB508641D}.Release|Any CPU.ActiveCfg = Release|Any CPU
		{53D50DC7-D365-4C31-B772-D32DB508641D}.Release|Any CPU.Build.0 = Release|Any CPU
		{D9CA7F7A-5000-418A-BA51-9794F28D8090}.Debug|Any CPU.ActiveCfg = Debug|Any CPU
		{D9CA7F7A-5000-418A-BA51-9794F28D8090}.Debug|Any CPU.Build.0 = Debug|Any CPU
		{D9CA7F7A-5000-418A-BA51-9794F28D8090}.Release|Any CPU.ActiveCfg = Release|Any CPU
		{D9CA7F7A-5000-418A-BA51-9794F28D8090}.Release|Any CPU.Build.0 = Release|Any CPU
	EndGlobalSection
	GlobalSection(SolutionProperties) = preSolution
		HideSolutionNode = FALSE
	EndGlobalSection
	GlobalSection(ExtensibilityGlobals) = postSolution
		SolutionGuid = {9E8841E6-1C40-482F-8B5B-31C33E5B1EF2}
	EndGlobalSection
EndGlobal
