
Microsoft Visual Studio Solution File, Format Version 12.00
# Visual Studio Version 16
VisualStudioVersion = 16.0.30523.141
MinimumVisualStudioVersion = 10.0.40219.1
Project("{FAE04EC0-301F-11D3-BF4B-00C04F79EFBC}") = "Payment Tracker", "PaymentBalanceApplication\Payment Tracker.csproj", "{53D50DC7-D365-4C31-B772-D32DB508641D}"
EndProject
Global
	GlobalSection(SolutionConfigurationPlatforms) = preSolution
		Debug|Any CPU = Debug|Any CPU
		Release|Any CPU = Release|Any CPU
	EndGlobalSection
	GlobalSection(ProjectConfigurationPlatforms) = postSolution
		{53D50DC7-D365-4C31-B772-D32DB508641D}.Debug|Any CPU.ActiveCfg = Debug|Any CPU
		{53D50DC7-D365-4C31-B772-D32DB508641D}.Debug|Any CPU.Build.0 = Debug|Any CPU
		{53D50DC7-D365-4C31-B772-D32DB508641D}.Release|Any CPU.ActiveCfg = Release|Any CPU
		{53D50DC7-D365-4C31-B772-D32DB508641D}.Release|Any CPU.Build.0 = Release|Any CPU
	EndGlobalSection
	GlobalSection(SolutionProperties) = preSolution
		HideSolutionNode = FALSE
	EndGlobalSection
	GlobalSection(ExtensibilityGlobals) = postSolution
		SolutionGuid = {6A44A062-5511-4F8D-96D7-E0D66432DEBE}
	EndGlobalSection
EndGlobal
